{
  "requires": true,
  "lockfileVersion": 1,
  "dependencies": {
    "acidd": {
      "version": "1.0.3",
      "resolved": "https://registry.npmjs.org/acidd/-/acidd-1.0.3.tgz",
      "integrity": "sha512-OXDWs/jEVSKcEMuUuxqv8b5/okgDNnbErlAU16OANjhh1bIIfViP+SZqH2zokwiioak8b8D+ceuvsPFg/Pypcw=="
    }
  }
}
